// !$*UTF8*$!
{
	archiveVersion = 1;
	classes = {
	};
	objectVersion = 46;
	objects = {

/* Begin PBXBuildFile section */
		034DBA0919E40EBF00C905DA /* images in Resources */ = {isa = PBXBuildFile; fileRef = 034DBA0819E40EBF00C905DA /* images */; };
		03AC61ED19F05D400079A51D /* ProfileSummaryTableViewCell.swift in Sources */ = {isa = PBXBuildFile; fileRef = 03AC61EC19F05D400079A51D /* ProfileSummaryTableViewCell.swift */; };
		03AC61F019F157EB0079A51D /* ProfileSummaryViewController.swift in Sources */ = {isa = PBXBuildFile; fileRef = 03AC61EF19F157EB0079A51D /* ProfileSummaryViewController.swift */; };
		03AC61F219F15A830079A51D /* TrekSelectViewController.swift in Sources */ = {isa = PBXBuildFile; fileRef = 03AC61F119F15A830079A51D /* TrekSelectViewController.swift */; };
		03DAC4ED19E51F0800068069 /* Trek.swift in Sources */ = {isa = PBXBuildFile; fileRef = 03DAC4EC19E51F0800068069 /* Trek.swift */; };
		03DDD15B19EBB52D00133FBC /* User.swift in Sources */ = {isa = PBXBuildFile; fileRef = 03DDD15A19EBB52D00133FBC /* User.swift */; };
		03DDD15D19EE6E9A00133FBC /* Question.swift in Sources */ = {isa = PBXBuildFile; fileRef = 03DDD15C19EE6E9A00133FBC /* Question.swift */; };
		0E1170D319E7D34B00A094FC /* GILLSANS.TTF in Resources */ = {isa = PBXBuildFile; fileRef = 0E1170D219E7D34B00A094FC /* GILLSANS.TTF */; };
		0E1D8BE219DF092A00BC003C /* AppDelegate.swift in Sources */ = {isa = PBXBuildFile; fileRef = 0E1D8BE119DF092A00BC003C /* AppDelegate.swift */; };
		0E1D8BE919DF092A00BC003C /* Images.xcassets in Resources */ = {isa = PBXBuildFile; fileRef = 0E1D8BE819DF092A00BC003C /* Images.xcassets */; };
		0E1D8BF819DF092A00BC003C /* SpotrekTests.swift in Sources */ = {isa = PBXBuildFile; fileRef = 0E1D8BF719DF092A00BC003C /* SpotrekTests.swift */; };
		0E1D8C0319DF09DC00BC003C /* MainViewController.swift in Sources */ = {isa = PBXBuildFile; fileRef = 0E1D8C0219DF09DC00BC003C /* MainViewController.swift */; };
		0E7411AA19E997EB008D8B0A /* MTB_1.wav in Resources */ = {isa = PBXBuildFile; fileRef = 0E7411A719E997EB008D8B0A /* MTB_1.wav */; };
		0E7411AB19E997EB008D8B0A /* MTB_2.wav in Resources */ = {isa = PBXBuildFile; fileRef = 0E7411A819E997EB008D8B0A /* MTB_2.wav */; };
		0E7411AC19E997EB008D8B0A /* MTB_3.wav in Resources */ = {isa = PBXBuildFile; fileRef = 0E7411A919E997EB008D8B0A /* MTB_3.wav */; };
		0E7411AE19E9991F008D8B0A /* AVFoundation.framework in Frameworks */ = {isa = PBXBuildFile; fileRef = 0E7411AD19E9991F008D8B0A /* AVFoundation.framework */; };
		0ED6BAAE19E6C971001CABB6 /* TrekButton.swift in Sources */ = {isa = PBXBuildFile; fileRef = 0ED6BAAD19E6C971001CABB6 /* TrekButton.swift */; };
		0EDFD53E19E1BCCC00AF87C2 /* NavigationControllerDelegate.swift in Sources */ = {isa = PBXBuildFile; fileRef = 0EDFD53D19E1BCCC00AF87C2 /* NavigationControllerDelegate.swift */; };
		0EDFD54219E1BE1300AF87C2 /* BasicAnimator.swift in Sources */ = {isa = PBXBuildFile; fileRef = 0EDFD54119E1BE1300AF87C2 /* BasicAnimator.swift */; };
		0EDFD54419E1BE5200AF87C2 /* Enumerations.swift in Sources */ = {isa = PBXBuildFile; fileRef = 0EDFD54319E1BE5200AF87C2 /* Enumerations.swift */; };
		0EDFD54619E1BF0900AF87C2 /* RightToLeftAnimator.swift in Sources */ = {isa = PBXBuildFile; fileRef = 0EDFD54519E1BF0900AF87C2 /* RightToLeftAnimator.swift */; };
		0EDFD54819E1BF7800AF87C2 /* CrossDisolveAnimator.swift in Sources */ = {isa = PBXBuildFile; fileRef = 0EDFD54719E1BF7800AF87C2 /* CrossDisolveAnimator.swift */; };
		0EDFD54E19E1CC5E00AF87C2 /* TrekStatusViewController.swift in Sources */ = {isa = PBXBuildFile; fileRef = 0EDFD54D19E1CC5E00AF87C2 /* TrekStatusViewController.swift */; };
		159404C019E8324C00B4A3CA /* SizePositionCoordinatesiPad.plist in Resources */ = {isa = PBXBuildFile; fileRef = 159404BF19E8324C00B4A3CA /* SizePositionCoordinatesiPad.plist */; };
		159404C419E937B200B4A3CA /* UINamedController.swift in Sources */ = {isa = PBXBuildFile; fileRef = 159404C319E937B200B4A3CA /* UINamedController.swift */; };
		15B477D419E5C11A00D8A83D /* HomeSideMenu.swift in Sources */ = {isa = PBXBuildFile; fileRef = 15B477D319E5C11A00D8A83D /* HomeSideMenu.swift */; };
		15B477D619E5CB8900D8A83D /* HomeSideMenuActions.swift in Sources */ = {isa = PBXBuildFile; fileRef = 15B477D519E5CB8900D8A83D /* HomeSideMenuActions.swift */; };
		15BB0B8819E466E100340337 /* LeftToRightAnimator.swift in Sources */ = {isa = PBXBuildFile; fileRef = 15BB0B8719E466E100340337 /* LeftToRightAnimator.swift */; };
		15BB0B8B19E466F000340337 /* RingButton.swift in Sources */ = {isa = PBXBuildFile; fileRef = 15BB0B8A19E466F000340337 /* RingButton.swift */; };
		15BB0B8E19E466F800340337 /* MathHelpers.swift in Sources */ = {isa = PBXBuildFile; fileRef = 15BB0B8D19E466F800340337 /* MathHelpers.swift */; };
		15BB0B9119E4670C00340337 /* RingButtonActions.swift in Sources */ = {isa = PBXBuildFile; fileRef = 15BB0B9019E4670C00340337 /* RingButtonActions.swift */; };
		15BB0B9419E4671D00340337 /* singletons.swift in Sources */ = {isa = PBXBuildFile; fileRef = 15BB0B9319E4671D00340337 /* singletons.swift */; };
		15BB0B9719E4672900340337 /* SpringAnimation.swift in Sources */ = {isa = PBXBuildFile; fileRef = 15BB0B9619E4672900340337 /* SpringAnimation.swift */; };
		15BB0B9919E4684500340337 /* UIColorHexExtension.swift in Sources */ = {isa = PBXBuildFile; fileRef = 15BB0B9819E4684500340337 /* UIColorHexExtension.swift */; };
/* End PBXBuildFile section */

/* Begin PBXContainerItemProxy section */
		0E1D8BF219DF092A00BC003C /* PBXContainerItemProxy */ = {
			isa = PBXContainerItemProxy;
			containerPortal = 0E1D8BD419DF092A00BC003C /* Project object */;
			proxyType = 1;
			remoteGlobalIDString = 0E1D8BDB19DF092A00BC003C;
			remoteInfo = Spotrek;
		};
/* End PBXContainerItemProxy section */

/* Begin PBXFileReference section */
		034DBA0819E40EBF00C905DA /* images */ = {isa = PBXFileReference; lastKnownFileType = folder; path = images; sourceTree = "<group>"; };
		03AC61EC19F05D400079A51D /* ProfileSummaryTableViewCell.swift */ = {isa = PBXFileReference; fileEncoding = 4; lastKnownFileType = sourcecode.swift; name = ProfileSummaryTableViewCell.swift; path = Spotrek/customCells/ProfileSummaryTableViewCell.swift; sourceTree = "<group>"; };
		03AC61EF19F157EB0079A51D /* ProfileSummaryViewController.swift */ = {isa = PBXFileReference; fileEncoding = 4; lastKnownFileType = sourcecode.swift; name = ProfileSummaryViewController.swift; path = Spotrek/profileViews/ProfileSummaryViewController.swift; sourceTree = "<group>"; };
		03AC61F119F15A830079A51D /* TrekSelectViewController.swift */ = {isa = PBXFileReference; fileEncoding = 4; lastKnownFileType = sourcecode.swift; name = TrekSelectViewController.swift; path = Spotrek/trekSelect/TrekSelectViewController.swift; sourceTree = "<group>"; };
		03DAC4EC19E51F0800068069 /* Trek.swift */ = {isa = PBXFileReference; fileEncoding = 4; lastKnownFileType = sourcecode.swift; name = Trek.swift; path = Spotrek/models/Trek.swift; sourceTree = "<group>"; };
		03DDD15A19EBB52D00133FBC /* User.swift */ = {isa = PBXFileReference; fileEncoding = 4; lastKnownFileType = sourcecode.swift; name = User.swift; path = Spotrek/models/User.swift; sourceTree = "<group>"; };
		03DDD15C19EE6E9A00133FBC /* Question.swift */ = {isa = PBXFileReference; fileEncoding = 4; lastKnownFileType = sourcecode.swift; name = Question.swift; path = Spotrek/models/Question.swift; sourceTree = "<group>"; };
		0E1170D219E7D34B00A094FC /* GILLSANS.TTF */ = {isa = PBXFileReference; lastKnownFileType = file; name = GILLSANS.TTF; path = fonts/GILLSANS.TTF; sourceTree = "<group>"; };
		0E1D8BDC19DF092A00BC003C /* Spotrek.app */ = {isa = PBXFileReference; explicitFileType = wrapper.application; includeInIndex = 0; path = Spotrek.app; sourceTree = BUILT_PRODUCTS_DIR; };
		0E1D8BE019DF092A00BC003C /* Info.plist */ = {isa = PBXFileReference; lastKnownFileType = text.plist.xml; path = Info.plist; sourceTree = "<group>"; };
		0E1D8BE119DF092A00BC003C /* AppDelegate.swift */ = {isa = PBXFileReference; lastKnownFileType = sourcecode.swift; path = AppDelegate.swift; sourceTree = "<group>"; };
		0E1D8BE819DF092A00BC003C /* Images.xcassets */ = {isa = PBXFileReference; lastKnownFileType = folder.assetcatalog; path = Images.xcassets; sourceTree = "<group>"; };
		0E1D8BF119DF092A00BC003C /* SpotrekTests.xctest */ = {isa = PBXFileReference; explicitFileType = wrapper.cfbundle; includeInIndex = 0; path = SpotrekTests.xctest; sourceTree = BUILT_PRODUCTS_DIR; };
		0E1D8BF619DF092A00BC003C /* Info.plist */ = {isa = PBXFileReference; lastKnownFileType = text.plist.xml; path = Info.plist; sourceTree = "<group>"; };
		0E1D8BF719DF092A00BC003C /* SpotrekTests.swift */ = {isa = PBXFileReference; lastKnownFileType = sourcecode.swift; path = SpotrekTests.swift; sourceTree = "<group>"; };
		0E1D8C0219DF09DC00BC003C /* MainViewController.swift */ = {isa = PBXFileReference; fileEncoding = 4; lastKnownFileType = sourcecode.swift; name = MainViewController.swift; path = Spotrek/startScreen/MainViewController.swift; sourceTree = "<group>"; };
		0E7411A719E997EB008D8B0A /* MTB_1.wav */ = {isa = PBXFileReference; lastKnownFileType = audio.wav; name = MTB_1.wav; path = sounds/MTB_1.wav; sourceTree = "<group>"; };
		0E7411A819E997EB008D8B0A /* MTB_2.wav */ = {isa = PBXFileReference; lastKnownFileType = audio.wav; name = MTB_2.wav; path = sounds/MTB_2.wav; sourceTree = "<group>"; };
		0E7411A919E997EB008D8B0A /* MTB_3.wav */ = {isa = PBXFileReference; lastKnownFileType = audio.wav; name = MTB_3.wav; path = sounds/MTB_3.wav; sourceTree = "<group>"; };
		0E7411AD19E9991F008D8B0A /* AVFoundation.framework */ = {isa = PBXFileReference; lastKnownFileType = wrapper.framework; name = AVFoundation.framework; path = System/Library/Frameworks/AVFoundation.framework; sourceTree = SDKROOT; };
		0ED6BAAD19E6C971001CABB6 /* TrekButton.swift */ = {isa = PBXFileReference; fileEncoding = 4; lastKnownFileType = sourcecode.swift; path = TrekButton.swift; sourceTree = "<group>"; };
		0EDFD53D19E1BCCC00AF87C2 /* NavigationControllerDelegate.swift */ = {isa = PBXFileReference; fileEncoding = 4; lastKnownFileType = sourcecode.swift; name = NavigationControllerDelegate.swift; path = Spotrek/customAnimators/NavigationControllerDelegate.swift; sourceTree = "<group>"; };
		0EDFD54119E1BE1300AF87C2 /* BasicAnimator.swift */ = {isa = PBXFileReference; fileEncoding = 4; lastKnownFileType = sourcecode.swift; name = BasicAnimator.swift; path = Spotrek/customAnimators/BasicAnimator.swift; sourceTree = "<group>"; };
		0EDFD54319E1BE5200AF87C2 /* Enumerations.swift */ = {isa = PBXFileReference; fileEncoding = 4; lastKnownFileType = sourcecode.swift; name = Enumerations.swift; path = Spotrek/customAnimators/Enumerations.swift; sourceTree = "<group>"; };
		0EDFD54519E1BF0900AF87C2 /* RightToLeftAnimator.swift */ = {isa = PBXFileReference; fileEncoding = 4; lastKnownFileType = sourcecode.swift; name = RightToLeftAnimator.swift; path = Spotrek/customAnimators/RightToLeftAnimator.swift; sourceTree = "<group>"; };
		0EDFD54719E1BF7800AF87C2 /* CrossDisolveAnimator.swift */ = {isa = PBXFileReference; fileEncoding = 4; lastKnownFileType = sourcecode.swift; name = CrossDisolveAnimator.swift; path = Spotrek/customAnimators/CrossDisolveAnimator.swift; sourceTree = "<group>"; };
		0EDFD54D19E1CC5E00AF87C2 /* TrekStatusViewController.swift */ = {isa = PBXFileReference; fileEncoding = 4; lastKnownFileType = sourcecode.swift; name = TrekStatusViewController.swift; path = Spotrek/trekStatus/TrekStatusViewController.swift; sourceTree = "<group>"; };
		159404BF19E8324C00B4A3CA /* SizePositionCoordinatesiPad.plist */ = {isa = PBXFileReference; fileEncoding = 4; lastKnownFileType = text.plist.xml; path = SizePositionCoordinatesiPad.plist; sourceTree = "<group>"; };
		159404C319E937B200B4A3CA /* UINamedController.swift */ = {isa = PBXFileReference; fileEncoding = 4; lastKnownFileType = sourcecode.swift; path = UINamedController.swift; sourceTree = "<group>"; };
		15B477D319E5C11A00D8A83D /* HomeSideMenu.swift */ = {isa = PBXFileReference; fileEncoding = 4; lastKnownFileType = sourcecode.swift; name = HomeSideMenu.swift; path = Spotrek/startScreen/HomeSideMenu.swift; sourceTree = "<group>"; };
		15B477D519E5CB8900D8A83D /* HomeSideMenuActions.swift */ = {isa = PBXFileReference; fileEncoding = 4; lastKnownFileType = sourcecode.swift; path = HomeSideMenuActions.swift; sourceTree = "<group>"; };
		15BB0B8719E466E100340337 /* LeftToRightAnimator.swift */ = {isa = PBXFileReference; fileEncoding = 4; lastKnownFileType = sourcecode.swift; name = LeftToRightAnimator.swift; path = Spotrek/customAnimators/LeftToRightAnimator.swift; sourceTree = "<group>"; };
		15BB0B8A19E466F000340337 /* RingButton.swift */ = {isa = PBXFileReference; fileEncoding = 4; lastKnownFileType = sourcecode.swift; path = RingButton.swift; sourceTree = "<group>"; };
		15BB0B8D19E466F800340337 /* MathHelpers.swift */ = {isa = PBXFileReference; fileEncoding = 4; lastKnownFileType = sourcecode.swift; path = MathHelpers.swift; sourceTree = "<group>"; };
		15BB0B9019E4670C00340337 /* RingButtonActions.swift */ = {isa = PBXFileReference; fileEncoding = 4; lastKnownFileType = sourcecode.swift; path = RingButtonActions.swift; sourceTree = "<group>"; };
		15BB0B9319E4671D00340337 /* singletons.swift */ = {isa = PBXFileReference; fileEncoding = 4; lastKnownFileType = sourcecode.swift; path = singletons.swift; sourceTree = "<group>"; };
		15BB0B9619E4672900340337 /* SpringAnimation.swift */ = {isa = PBXFileReference; fileEncoding = 4; lastKnownFileType = sourcecode.swift; path = SpringAnimation.swift; sourceTree = "<group>"; };
		15BB0B9819E4684500340337 /* UIColorHexExtension.swift */ = {isa = PBXFileReference; fileEncoding = 4; lastKnownFileType = sourcecode.swift; path = UIColorHexExtension.swift; sourceTree = "<group>"; };
/* End PBXFileReference section */

/* Begin PBXFrameworksBuildPhase section */
		0E1D8BD919DF092A00BC003C /* Frameworks */ = {
			isa = PBXFrameworksBuildPhase;
			buildActionMask = 2147483647;
			files = (
				0E7411AE19E9991F008D8B0A /* AVFoundation.framework in Frameworks */,
			);
			runOnlyForDeploymentPostprocessing = 0;
		};
		0E1D8BEE19DF092A00BC003C /* Frameworks */ = {
			isa = PBXFrameworksBuildPhase;
			buildActionMask = 2147483647;
			files = (
			);
			runOnlyForDeploymentPostprocessing = 0;
		};
/* End PBXFrameworksBuildPhase section */

/* Begin PBXGroup section */
		03AC61EB19EFCF2E0079A51D /* customCells */ = {
			isa = PBXGroup;
			children = (
				03AC61EC19F05D400079A51D /* ProfileSummaryTableViewCell.swift */,
			);
			name = customCells;
			sourceTree = "<group>";
		};
		03AC61EE19F156C90079A51D /* frameworks */ = {
			isa = PBXGroup;
			children = (
				0E7411AD19E9991F008D8B0A /* AVFoundation.framework */,
			);
			name = frameworks;
			sourceTree = "<group>";
		};
		03DAC4EB19E51D3D00068069 /* models */ = {
			isa = PBXGroup;
			children = (
				03DAC4EC19E51F0800068069 /* Trek.swift */,
				03DDD15A19EBB52D00133FBC /* User.swift */,
				03DDD15C19EE6E9A00133FBC /* Question.swift */,
			);
			name = models;
			sourceTree = "<group>";
		};
		03DDD15E19EFB8A700133FBC /* profileViews */ = {
			isa = PBXGroup;
			children = (
				03AC61EF19F157EB0079A51D /* ProfileSummaryViewController.swift */,
			);
			name = profileViews;
			sourceTree = "<group>";
		};
		0E1170D119E7D33800A094FC /* fonts */ = {
			isa = PBXGroup;
			children = (
				0E1170D219E7D34B00A094FC /* GILLSANS.TTF */,
			);
			name = fonts;
			sourceTree = "<group>";
		};
		0E1D8BD319DF092A00BC003C = {
			isa = PBXGroup;
			children = (
				03AC61EB19EFCF2E0079A51D /* customCells */,
				03DDD15E19EFB8A700133FBC /* profileViews */,
				03DAC4EB19E51D3D00068069 /* models */,
				15BB0B9219E4671D00340337 /* singletons */,
				15BB0B8F19E4670C00340337 /* protocols */,
				15BB0B9519E4672900340337 /* springEffects */,
				15BB0B8C19E466F800340337 /* helpers */,
				15BB0B8919E466F000340337 /* customControls */,
				0EDFD53C19E1BB5A00AF87C2 /* customAnimators */,
				0E1D8C0119DF09A100BC003C /* startScreen */,
				0EDFD54919E1C79600AF87C2 /* trekSelect */,
				0EDFD54C19E1CC3900AF87C2 /* trekStatus */,
				0E1D8BDE19DF092A00BC003C /* Spotrek */,
				0E1D8BF419DF092A00BC003C /* SpotrekTests */,
				0E1D8BDD19DF092A00BC003C /* Products */,
			);
			sourceTree = "<group>";
		};
		0E1D8BDD19DF092A00BC003C /* Products */ = {
			isa = PBXGroup;
			children = (
				0E1D8BDC19DF092A00BC003C /* Spotrek.app */,
				0E1D8BF119DF092A00BC003C /* SpotrekTests.xctest */,
			);
			name = Products;
			sourceTree = "<group>";
		};
		0E1D8BDE19DF092A00BC003C /* Spotrek */ = {
			isa = PBXGroup;
			children = (
				0E1D8BE119DF092A00BC003C /* AppDelegate.swift */,
				0E1D8BE819DF092A00BC003C /* Images.xcassets */,
				0E1D8BDF19DF092A00BC003C /* Supporting Files */,
			);
			path = Spotrek;
			sourceTree = "<group>";
		};
		0E1D8BDF19DF092A00BC003C /* Supporting Files */ = {
			isa = PBXGroup;
			children = (
				03AC61EE19F156C90079A51D /* frameworks */,
				0E7411A619E997A4008D8B0A /* sounds */,
				0E1170D119E7D33800A094FC /* fonts */,
				034DBA0819E40EBF00C905DA /* images */,
				0E1D8BE019DF092A00BC003C /* Info.plist */,
				159404BF19E8324C00B4A3CA /* SizePositionCoordinatesiPad.plist */,
			);
			name = "Supporting Files";
			sourceTree = "<group>";
		};
		0E1D8BF419DF092A00BC003C /* SpotrekTests */ = {
			isa = PBXGroup;
			children = (
				0E1D8BF719DF092A00BC003C /* SpotrekTests.swift */,
				0E1D8BF519DF092A00BC003C /* Supporting Files */,
			);
			path = SpotrekTests;
			sourceTree = "<group>";
		};
		0E1D8BF519DF092A00BC003C /* Supporting Files */ = {
			isa = PBXGroup;
			children = (
				0E1D8BF619DF092A00BC003C /* Info.plist */,
			);
			name = "Supporting Files";
			sourceTree = "<group>";
		};
		0E1D8C0119DF09A100BC003C /* startScreen */ = {
			isa = PBXGroup;
			children = (
				0E1D8C0219DF09DC00BC003C /* MainViewController.swift */,
				15B477D319E5C11A00D8A83D /* HomeSideMenu.swift */,
			);
			name = startScreen;
			sourceTree = "<group>";
		};
		0E7411A619E997A4008D8B0A /* sounds */ = {
			isa = PBXGroup;
			children = (
				0E7411A719E997EB008D8B0A /* MTB_1.wav */,
				0E7411A819E997EB008D8B0A /* MTB_2.wav */,
				0E7411A919E997EB008D8B0A /* MTB_3.wav */,
			);
			name = sounds;
			sourceTree = "<group>";
		};
		0EDFD53C19E1BB5A00AF87C2 /* customAnimators */ = {
			isa = PBXGroup;
			children = (
				0EDFD54319E1BE5200AF87C2 /* Enumerations.swift */,
				0EDFD54119E1BE1300AF87C2 /* BasicAnimator.swift */,
				0EDFD54519E1BF0900AF87C2 /* RightToLeftAnimator.swift */,
				15BB0B8719E466E100340337 /* LeftToRightAnimator.swift */,
				0EDFD54719E1BF7800AF87C2 /* CrossDisolveAnimator.swift */,
				0EDFD53D19E1BCCC00AF87C2 /* NavigationControllerDelegate.swift */,
			);
			name = customAnimators;
			sourceTree = "<group>";
		};
		0EDFD54919E1C79600AF87C2 /* trekSelect */ = {
			isa = PBXGroup;
			children = (
				03AC61F119F15A830079A51D /* TrekSelectViewController.swift */,
			);
			name = trekSelect;
			sourceTree = "<group>";
		};
		0EDFD54C19E1CC3900AF87C2 /* trekStatus */ = {
			isa = PBXGroup;
			children = (
				0EDFD54D19E1CC5E00AF87C2 /* TrekStatusViewController.swift */,
			);
			name = trekStatus;
			sourceTree = "<group>";
		};
		15BB0B8919E466F000340337 /* customControls */ = {
			isa = PBXGroup;
			children = (
				15BB0B8A19E466F000340337 /* RingButton.swift */,
				0ED6BAAD19E6C971001CABB6 /* TrekButton.swift */,
			);
			name = customControls;
			path = Spotrek/customControls;
			sourceTree = "<group>";
		};
		15BB0B8C19E466F800340337 /* helpers */ = {
			isa = PBXGroup;
			children = (
				15BB0B8D19E466F800340337 /* MathHelpers.swift */,
				15BB0B9819E4684500340337 /* UIColorHexExtension.swift */,
			);
			name = helpers;
			path = Spotrek/helpers;
			sourceTree = "<group>";
		};
		15BB0B8F19E4670C00340337 /* protocols */ = {
			isa = PBXGroup;
			children = (
				15BB0B9019E4670C00340337 /* RingButtonActions.swift */,
				15B477D519E5CB8900D8A83D /* HomeSideMenuActions.swift */,
				159404C319E937B200B4A3CA /* UINamedController.swift */,
			);
			name = protocols;
			path = Spotrek/protocols;
			sourceTree = "<group>";
		};
		15BB0B9219E4671D00340337 /* singletons */ = {
			isa = PBXGroup;
			children = (
				15BB0B9319E4671D00340337 /* singletons.swift */,
			);
			name = singletons;
			path = Spotrek/singletons;
			sourceTree = "<group>";
		};
		15BB0B9519E4672900340337 /* springEffects */ = {
			isa = PBXGroup;
			children = (
				15BB0B9619E4672900340337 /* SpringAnimation.swift */,
			);
			name = springEffects;
			path = Spotrek/springEffects;
			sourceTree = "<group>";
		};
/* End PBXGroup section */

/* Begin PBXNativeTarget section */
		0E1D8BDB19DF092A00BC003C /* Spotrek */ = {
			isa = PBXNativeTarget;
			buildConfigurationList = 0E1D8BFB19DF092A00BC003C /* Build configuration list for PBXNativeTarget "Spotrek" */;
			buildPhases = (
				0E1D8BD819DF092A00BC003C /* Sources */,
				0E1D8BD919DF092A00BC003C /* Frameworks */,
				0E1D8BDA19DF092A00BC003C /* Resources */,
			);
			buildRules = (
			);
			dependencies = (
			);
			name = Spotrek;
			productName = Spotrek;
			productReference = 0E1D8BDC19DF092A00BC003C /* Spotrek.app */;
			productType = "com.apple.product-type.application";
		};
		0E1D8BF019DF092A00BC003C /* SpotrekTests */ = {
			isa = PBXNativeTarget;
			buildConfigurationList = 0E1D8BFE19DF092A00BC003C /* Build configuration list for PBXNativeTarget "SpotrekTests" */;
			buildPhases = (
				0E1D8BED19DF092A00BC003C /* Sources */,
				0E1D8BEE19DF092A00BC003C /* Frameworks */,
				0E1D8BEF19DF092A00BC003C /* Resources */,
			);
			buildRules = (
			);
			dependencies = (
				0E1D8BF319DF092A00BC003C /* PBXTargetDependency */,
			);
			name = SpotrekTests;
			productName = SpotrekTests;
			productReference = 0E1D8BF119DF092A00BC003C /* SpotrekTests.xctest */;
			productType = "com.apple.product-type.bundle.unit-test";
		};
/* End PBXNativeTarget section */

/* Begin PBXProject section */
		0E1D8BD419DF092A00BC003C /* Project object */ = {
			isa = PBXProject;
			attributes = {
				LastUpgradeCheck = 0600;
				ORGANIZATIONNAME = Boomar;
				TargetAttributes = {
					0E1D8BDB19DF092A00BC003C = {
						CreatedOnToolsVersion = 6.0.1;
					};
					0E1D8BF019DF092A00BC003C = {
						CreatedOnToolsVersion = 6.0.1;
						TestTargetID = 0E1D8BDB19DF092A00BC003C;
					};
				};
			};
			buildConfigurationList = 0E1D8BD719DF092A00BC003C /* Build configuration list for PBXProject "Spotrek" */;
			compatibilityVersion = "Xcode 3.2";
			developmentRegion = English;
			hasScannedForEncodings = 0;
			knownRegions = (
				en,
				Base,
			);
			mainGroup = 0E1D8BD319DF092A00BC003C;
			productRefGroup = 0E1D8BDD19DF092A00BC003C /* Products */;
			projectDirPath = "";
			projectRoot = "";
			targets = (
				0E1D8BDB19DF092A00BC003C /* Spotrek */,
				0E1D8BF019DF092A00BC003C /* SpotrekTests */,
			);
		};
/* End PBXProject section */

/* Begin PBXResourcesBuildPhase section */
		0E1D8BDA19DF092A00BC003C /* Resources */ = {
			isa = PBXResourcesBuildPhase;
			buildActionMask = 2147483647;
			files = (
				0E1170D319E7D34B00A094FC /* GILLSANS.TTF in Resources */,
				0E7411AB19E997EB008D8B0A /* MTB_2.wav in Resources */,
				034DBA0919E40EBF00C905DA /* images in Resources */,
				159404C019E8324C00B4A3CA /* SizePositionCoordinatesiPad.plist in Resources */,
				0E1D8BE919DF092A00BC003C /* Images.xcassets in Resources */,
				0E7411AA19E997EB008D8B0A /* MTB_1.wav in Resources */,
				0E7411AC19E997EB008D8B0A /* MTB_3.wav in Resources */,
			);
			runOnlyForDeploymentPostprocessing = 0;
		};
		0E1D8BEF19DF092A00BC003C /* Resources */ = {
			isa = PBXResourcesBuildPhase;
			buildActionMask = 2147483647;
			files = (
			);
			runOnlyForDeploymentPostprocessing = 0;
		};
/* End PBXResourcesBuildPhase section */

/* Begin PBXSourcesBuildPhase section */
		0E1D8BD819DF092A00BC003C /* Sources */ = {
			isa = PBXSourcesBuildPhase;
			buildActionMask = 2147483647;
			files = (
				15BB0B8819E466E100340337 /* LeftToRightAnimator.swift in Sources */,
				0ED6BAAE19E6C971001CABB6 /* TrekButton.swift in Sources */,
				15BB0B8B19E466F000340337 /* RingButton.swift in Sources */,
				0EDFD54E19E1CC5E00AF87C2 /* TrekStatusViewController.swift in Sources */,
				15BB0B9919E4684500340337 /* UIColorHexExtension.swift in Sources */,
				03AC61F219F15A830079A51D /* TrekSelectViewController.swift in Sources */,
				15BB0B9419E4671D00340337 /* singletons.swift in Sources */,
				0EDFD54419E1BE5200AF87C2 /* Enumerations.swift in Sources */,
				0EDFD54219E1BE1300AF87C2 /* BasicAnimator.swift in Sources */,
				15BB0B8E19E466F800340337 /* MathHelpers.swift in Sources */,
				03DAC4ED19E51F0800068069 /* Trek.swift in Sources */,
				0EDFD54619E1BF0900AF87C2 /* RightToLeftAnimator.swift in Sources */,
				15B477D619E5CB8900D8A83D /* HomeSideMenuActions.swift in Sources */,
				159404C419E937B200B4A3CA /* UINamedController.swift in Sources */,
				0E1D8BE219DF092A00BC003C /* AppDelegate.swift in Sources */,
				0EDFD53E19E1BCCC00AF87C2 /* NavigationControllerDelegate.swift in Sources */,
				03AC61ED19F05D400079A51D /* ProfileSummaryTableViewCell.swift in Sources */,
				15BB0B9119E4670C00340337 /* RingButtonActions.swift in Sources */,
				0E1D8C0319DF09DC00BC003C /* MainViewController.swift in Sources */,
				15BB0B9719E4672900340337 /* SpringAnimation.swift in Sources */,
				03DDD15D19EE6E9A00133FBC /* Question.swift in Sources */,
				15B477D419E5C11A00D8A83D /* HomeSideMenu.swift in Sources */,
				03AC61F019F157EB0079A51D /* ProfileSummaryViewController.swift in Sources */,
				0EDFD54819E1BF7800AF87C2 /* CrossDisolveAnimator.swift in Sources */,
				03DDD15B19EBB52D00133FBC /* User.swift in Sources */,
			);
			runOnlyForDeploymentPostprocessing = 0;
		};
		0E1D8BED19DF092A00BC003C /* Sources */ = {
			isa = PBXSourcesBuildPhase;
			buildActionMask = 2147483647;
			files = (
				0E1D8BF819DF092A00BC003C /* SpotrekTests.swift in Sources */,
			);
			runOnlyForDeploymentPostprocessing = 0;
		};
/* End PBXSourcesBuildPhase section */

/* Begin PBXTargetDependency section */
		0E1D8BF319DF092A00BC003C /* PBXTargetDependency */ = {
			isa = PBXTargetDependency;
			target = 0E1D8BDB19DF092A00BC003C /* Spotrek */;
			targetProxy = 0E1D8BF219DF092A00BC003C /* PBXContainerItemProxy */;
		};
/* End PBXTargetDependency section */

/* Begin XCBuildConfiguration section */
		0E1D8BF919DF092A00BC003C /* Debug */ = {
			isa = XCBuildConfiguration;
			buildSettings = {
				ALWAYS_SEARCH_USER_PATHS = NO;
				CLANG_CXX_LANGUAGE_STANDARD = "gnu++0x";
				CLANG_CXX_LIBRARY = "libc++";
				CLANG_ENABLE_MODULES = YES;
				CLANG_ENABLE_OBJC_ARC = YES;
				CLANG_WARN_BOOL_CONVERSION = YES;
				CLANG_WARN_CONSTANT_CONVERSION = YES;
				CLANG_WARN_DIRECT_OBJC_ISA_USAGE = YES_ERROR;
				CLANG_WARN_EMPTY_BODY = YES;
				CLANG_WARN_ENUM_CONVERSION = YES;
				CLANG_WARN_INT_CONVERSION = YES;
				CLANG_WARN_OBJC_ROOT_CLASS = YES_ERROR;
				CLANG_WARN_UNREACHABLE_CODE = YES;
				CLANG_WARN__DUPLICATE_METHOD_MATCH = YES;
				"CODE_SIGN_IDENTITY[sdk=iphoneos*]" = "iPhone Developer";
				COPY_PHASE_STRIP = NO;
				ENABLE_STRICT_OBJC_MSGSEND = YES;
				GCC_C_LANGUAGE_STANDARD = gnu99;
				GCC_DYNAMIC_NO_PIC = NO;
				GCC_OPTIMIZATION_LEVEL = 0;
				GCC_PREPROCESSOR_DEFINITIONS = (
					"DEBUG=1",
					"$(inherited)",
				);
				GCC_SYMBOLS_PRIVATE_EXTERN = NO;
				GCC_WARN_64_TO_32_BIT_CONVERSION = YES;
				GCC_WARN_ABOUT_RETURN_TYPE = YES_ERROR;
				GCC_WARN_UNDECLARED_SELECTOR = YES;
				GCC_WARN_UNINITIALIZED_AUTOS = YES_AGGRESSIVE;
				GCC_WARN_UNUSED_FUNCTION = YES;
				GCC_WARN_UNUSED_VARIABLE = YES;
				IPHONEOS_DEPLOYMENT_TARGET = 8.0;
				MTL_ENABLE_DEBUG_INFO = YES;
				ONLY_ACTIVE_ARCH = YES;
				SDKROOT = iphoneos;
				SWIFT_OPTIMIZATION_LEVEL = "-Onone";
				TARGETED_DEVICE_FAMILY = 2;
			};
			name = Debug;
		};
		0E1D8BFA19DF092A00BC003C /* Release */ = {
			isa = XCBuildConfiguration;
			buildSettings = {
				ALWAYS_SEARCH_USER_PATHS = NO;
				CLANG_CXX_LANGUAGE_STANDARD = "gnu++0x";
				CLANG_CXX_LIBRARY = "libc++";
				CLANG_ENABLE_MODULES = YES;
				CLANG_ENABLE_OBJC_ARC = YES;
				CLANG_WARN_BOOL_CONVERSION = YES;
				CLANG_WARN_CONSTANT_CONVERSION = YES;
				CLANG_WARN_DIRECT_OBJC_ISA_USAGE = YES_ERROR;
				CLANG_WARN_EMPTY_BODY = YES;
				CLANG_WARN_ENUM_CONVERSION = YES;
				CLANG_WARN_INT_CONVERSION = YES;
				CLANG_WARN_OBJC_ROOT_CLASS = YES_ERROR;
				CLANG_WARN_UNREACHABLE_CODE = YES;
				CLANG_WARN__DUPLICATE_METHOD_MATCH = YES;
				"CODE_SIGN_IDENTITY[sdk=iphoneos*]" = "iPhone Developer";
				COPY_PHASE_STRIP = YES;
				ENABLE_NS_ASSERTIONS = NO;
				ENABLE_STRICT_OBJC_MSGSEND = YES;
				GCC_C_LANGUAGE_STANDARD = gnu99;
				GCC_WARN_64_TO_32_BIT_CONVERSION = YES;
				GCC_WARN_ABOUT_RETURN_TYPE = YES_ERROR;
				GCC_WARN_UNDECLARED_SELECTOR = YES;
				GCC_WARN_UNINITIALIZED_AUTOS = YES_AGGRESSIVE;
				GCC_WARN_UNUSED_FUNCTION = YES;
				GCC_WARN_UNUSED_VARIABLE = YES;
				IPHONEOS_DEPLOYMENT_TARGET = 8.0;
				MTL_ENABLE_DEBUG_INFO = NO;
				SDKROOT = iphoneos;
				TARGETED_DEVICE_FAMILY = 2;
				VALIDATE_PRODUCT = YES;
			};
			name = Release;
		};
		0E1D8BFC19DF092A00BC003C /* Debug */ = {
			isa = XCBuildConfiguration;
			buildSettings = {
				ASSETCATALOG_COMPILER_APPICON_NAME = AppIcon;
				CODE_SIGN_IDENTITY = "iPhone Developer";
				INFOPLIST_FILE = Spotrek/Info.plist;
				IPHONEOS_DEPLOYMENT_TARGET = 7.0;
				LD_RUNPATH_SEARCH_PATHS = "$(inherited) @executable_path/Frameworks";
				PRODUCT_NAME = "$(TARGET_NAME)";
				TARGETED_DEVICE_FAMILY = 2;
			};
			name = Debug;
		};
		0E1D8BFD19DF092A00BC003C /* Release */ = {
			isa = XCBuildConfiguration;
			buildSettings = {
				ASSETCATALOG_COMPILER_APPICON_NAME = AppIcon;
				CODE_SIGN_IDENTITY = "iPhone Developer";
				INFOPLIST_FILE = Spotrek/Info.plist;
				IPHONEOS_DEPLOYMENT_TARGET = 7.0;
				LD_RUNPATH_SEARCH_PATHS = "$(inherited) @executable_path/Frameworks";
				PRODUCT_NAME = "$(TARGET_NAME)";
				TARGETED_DEVICE_FAMILY = 2;
			};
			name = Release;
		};
		0E1D8BFF19DF092A00BC003C /* Debug */ = {
			isa = XCBuildConfiguration;
			buildSettings = {
				BUNDLE_LOADER = "$(TEST_HOST)";
				FRAMEWORK_SEARCH_PATHS = (
					"$(SDKROOT)/Developer/Library/Frameworks",
					"$(inherited)",
				);
				GCC_PREPROCESSOR_DEFINITIONS = (
					"DEBUG=1",
					"$(inherited)",
				);
				INFOPLIST_FILE = SpotrekTests/Info.plist;
				LD_RUNPATH_SEARCH_PATHS = "$(inherited) @executable_path/Frameworks @loader_path/Frameworks";
				PRODUCT_NAME = "$(TARGET_NAME)";
				TEST_HOST = "$(BUILT_PRODUCTS_DIR)/Spotrek.app/Spotrek";
			};
			name = Debug;
		};
		0E1D8C0019DF092A00BC003C /* Release */ = {
			isa = XCBuildConfiguration;
			buildSettings = {
				BUNDLE_LOADER = "$(TEST_HOST)";
				FRAMEWORK_SEARCH_PATHS = (
					"$(SDKROOT)/Developer/Library/Frameworks",
					"$(inherited)",
				);
				INFOPLIST_FILE = SpotrekTests/Info.plist;
				LD_RUNPATH_SEARCH_PATHS = "$(inherited) @executable_path/Frameworks @loader_path/Frameworks";
				PRODUCT_NAME = "$(TARGET_NAME)";
				TEST_HOST = "$(BUILT_PRODUCTS_DIR)/Spotrek.app/Spotrek";
			};
			name = Release;
		};
/* End XCBuildConfiguration section */

/* Begin XCConfigurationList section */
		0E1D8BD719DF092A00BC003C /* Build configuration list for PBXProject "Spotrek" */ = {
			isa = XCConfigurationList;
			buildConfigurations = (
				0E1D8BF919DF092A00BC003C /* Debug */,
				0E1D8BFA19DF092A00BC003C /* Release */,
			);
			defaultConfigurationIsVisible = 0;
			defaultConfigurationName = Release;
		};
		0E1D8BFB19DF092A00BC003C /* Build configuration list for PBXNativeTarget "Spotrek" */ = {
			isa = XCConfigurationList;
			buildConfigurations = (
				0E1D8BFC19DF092A00BC003C /* Debug */,
				0E1D8BFD19DF092A00BC003C /* Release */,
			);
			defaultConfigurationIsVisible = 0;
			defaultConfigurationName = Release;
		};
		0E1D8BFE19DF092A00BC003C /* Build configuration list for PBXNativeTarget "SpotrekTests" */ = {
			isa = XCConfigurationList;
			buildConfigurations = (
				0E1D8BFF19DF092A00BC003C /* Debug */,
				0E1D8C0019DF092A00BC003C /* Release */,
			);
			defaultConfigurationIsVisible = 0;
			defaultConfigurationName = Release;
		};
/* End XCConfigurationList section */
	};
	rootObject = 0E1D8BD419DF092A00BC003C /* Project object */;
}
